
Microsoft Visual Studio Solution File, Format Version 12.00
# Visual Studio Version 16
VisualStudioVersion = 16.0.30717.126
MinimumVisualStudioVersion = 10.0.40219.1
Project("{FAE04EC0-301F-11D3-BF4B-00C04F79EFBC}") = "mp_lab3_kiryanov", "mp_lab3_kiryanov.csproj", "{80A1B725-DCF0-43FF-BF11-54691BABF5E4}"
EndProject
Global
	GlobalSection(SolutionConfigurationPlatforms) = preSolution
		Debug|Any CPU = Debug|Any CPU
		Release|Any CPU = Release|Any CPU
	EndGlobalSection
	GlobalSection(ProjectConfigurationPlatforms) = postSolution
		{80A1B725-DCF0-43FF-BF11-54691BABF5E4}.Debug|Any CPU.ActiveCfg = Debug|Any CPU
		{80A1B725-DCF0-43FF-BF11-54691BABF5E4}.Debug|Any CPU.Build.0 = Debug|Any CPU
		{80A1B725-DCF0-43FF-BF11-54691BABF5E4}.Release|Any CPU.ActiveCfg = Release|Any CPU
		{80A1B725-DCF0-43FF-BF11-54691BABF5E4}.Release|Any CPU.Build.0 = Release|Any CPU
	EndGlobalSection
	GlobalSection(SolutionProperties) = preSolution
		HideSolutionNode = FALSE
	EndGlobalSection
	GlobalSection(ExtensibilityGlobals) = postSolution
		SolutionGuid = {4B7C8137-C461-4A65-9347-11E7D9D9FC52}
	EndGlobalSection
EndGlobal
