
Microsoft Visual Studio Solution File, Format Version 12.00
# Visual Studio Version 16
VisualStudioVersion = 16.0.30611.23
MinimumVisualStudioVersion = 10.0.40219.1
Project("{FAE04EC0-301F-11D3-BF4B-00C04F79EFBC}") = "lab5_mp_kiryanov", "lab5_mp_kiryanov\lab5_mp_kiryanov.csproj", "{95CEE386-26A2-487F-84DF-68EFD5AD48DE}"
EndProject
Global
	GlobalSection(SolutionConfigurationPlatforms) = preSolution
		Debug|Any CPU = Debug|Any CPU
		Release|Any CPU = Release|Any CPU
	EndGlobalSection
	GlobalSection(ProjectConfigurationPlatforms) = postSolution
		{95CEE386-26A2-487F-84DF-68EFD5AD48DE}.Debug|Any CPU.ActiveCfg = Debug|Any CPU
		{95CEE386-26A2-487F-84DF-68EFD5AD48DE}.Debug|Any CPU.Build.0 = Debug|Any CPU
		{95CEE386-26A2-487F-84DF-68EFD5AD48DE}.Release|Any CPU.ActiveCfg = Release|Any CPU
		{95CEE386-26A2-487F-84DF-68EFD5AD48DE}.Release|Any CPU.Build.0 = Release|Any CPU
	EndGlobalSection
	GlobalSection(SolutionProperties) = preSolution
		HideSolutionNode = FALSE
	EndGlobalSection
	GlobalSection(ExtensibilityGlobals) = postSolution
		SolutionGuid = {8001E954-B625-4A20-809A-4A6EE88C8C88}
	EndGlobalSection
EndGlobal
